
Microsoft Visual Studio Solution File, Format Version 12.00
# Visual Studio 2013
VisualStudioVersion = 12.0.40629.0
MinimumVisualStudioVersion = 10.0.40219.1
Project("{FAE04EC0-301F-11D3-BF4B-00C04F79EFBC}") = "FacebookMessengerLib", "FacebookMessengerLib\FacebookMessengerLib.csproj", "{280CF45A-8543-4681-8863-442BB1F59067}"
EndProject
Global
	GlobalSection(SolutionConfigurationPlatforms) = preSolution
		Debug|Any CPU = Debug|Any CPU
		Release|Any CPU = Release|Any CPU
	EndGlobalSection
	GlobalSection(ProjectConfigurationPlatforms) = postSolution
		{280CF45A-8543-4681-8863-442BB1F59067}.Debug|Any CPU.ActiveCfg = Debug|Any CPU
		{280CF45A-8543-4681-8863-442BB1F59067}.Debug|Any CPU.Build.0 = Debug|Any CPU
		{280CF45A-8543-4681-8863-442BB1F59067}.Release|Any CPU.ActiveCfg = Release|Any CPU
		{280CF45A-8543-4681-8863-442BB1F59067}.Release|Any CPU.Build.0 = Release|Any CPU
	EndGlobalSection
	GlobalSection(SolutionProperties) = preSolution
		HideSolutionNode = FALSE
	EndGlobalSection
EndGlobal
